// !$*UTF8*$!
{
	archiveVersion = 1;
	classes = {
	};
	objectVersion = 77;
	objects = {

/* Begin PBXBuildFile section */
		CC28B0102D5E58FD00FE3BF1 /* Kingfisher in Frameworks */ = {isa = PBXBuildFile; productRef = CC28B00F2D5E58FD00FE3BF1 /* Kingfisher */; };
		CCFB6FA12D5C9A0500801EF3 /* SnapKit in Frameworks */ = {isa = PBXBuildFile; productRef = CCFB6FA02D5C9A0500801EF3 /* SnapKit */; };
/* End PBXBuildFile section */

/* Begin PBXContainerItemProxy section */
		CC04EDF02D5B927B000947F5 /* PBXContainerItemProxy */ = {
			isa = PBXContainerItemProxy;
			containerPortal = CC04EDD12D5B927A000947F5 /* Project object */;
			proxyType = 1;
			remoteGlobalIDString = CC04EDD82D5B927A000947F5;
			remoteInfo = "poq-task";
		};
		CC28B0312D5E6AD300FE3BF1 /* PBXContainerItemProxy */ = {
			isa = PBXContainerItemProxy;
			containerPortal = CC04EDD12D5B927A000947F5 /* Project object */;
			proxyType = 1;
			remoteGlobalIDString = CC04EDD82D5B927A000947F5;
			remoteInfo = "poq-task";
		};
/* End PBXContainerItemProxy section */

/* Begin PBXFileReference section */
		CC04EDD92D5B927A000947F5 /* poq-task.app */ = {isa = PBXFileReference; explicitFileType = wrapper.application; includeInIndex = 0; path = "poq-task.app"; sourceTree = BUILT_PRODUCTS_DIR; };
		CC04EDEF2D5B927B000947F5 /* poq-taskTests.xctest */ = {isa = PBXFileReference; explicitFileType = wrapper.cfbundle; includeInIndex = 0; path = "poq-taskTests.xctest"; sourceTree = BUILT_PRODUCTS_DIR; };
		CC28B02B2D5E6AD300FE3BF1 /* poq-task-UITests.xctest */ = {isa = PBXFileReference; explicitFileType = wrapper.cfbundle; includeInIndex = 0; path = "poq-task-UITests.xctest"; sourceTree = BUILT_PRODUCTS_DIR; };
/* End PBXFileReference section */

/* Begin PBXFileSystemSynchronizedBuildFileExceptionSet section */
		CC04EE012D5B927B000947F5 /* Exceptions for "poq-task" folder in "poq-task" target */ = {
			isa = PBXFileSystemSynchronizedBuildFileExceptionSet;
			membershipExceptions = (
				App/Info.plist,
			);
			target = CC04EDD82D5B927A000947F5 /* poq-task */;
		};
/* End PBXFileSystemSynchronizedBuildFileExceptionSet section */

/* Begin PBXFileSystemSynchronizedRootGroup section */
		CC04EDDB2D5B927A000947F5 /* poq-task */ = {
			isa = PBXFileSystemSynchronizedRootGroup;
			exceptions = (
				CC04EE012D5B927B000947F5 /* Exceptions for "poq-task" folder in "poq-task" target */,
			);
			path = "poq-task";
			sourceTree = "<group>";
		};
		CC04EDF22D5B927B000947F5 /* poq-taskTests */ = {
			isa = PBXFileSystemSynchronizedRootGroup;
			path = "poq-taskTests";
			sourceTree = "<group>";
		};
		CC28B02C2D5E6AD300FE3BF1 /* poq-task-UITests */ = {
			isa = PBXFileSystemSynchronizedRootGroup;
			path = "poq-task-UITests";
			sourceTree = "<group>";
		};
/* End PBXFileSystemSynchronizedRootGroup section */

/* Begin PBXFrameworksBuildPhase section */
		CC04EDD62D5B927A000947F5 /* Frameworks */ = {
			isa = PBXFrameworksBuildPhase;
			buildActionMask = 2147483647;
			files = (
				CC28B0102D5E58FD00FE3BF1 /* Kingfisher in Frameworks */,
				CCFB6FA12D5C9A0500801EF3 /* SnapKit in Frameworks */,
			);
			runOnlyForDeploymentPostprocessing = 0;
		};
		CC04EDEC2D5B927B000947F5 /* Frameworks */ = {
			isa = PBXFrameworksBuildPhase;
			buildActionMask = 2147483647;
			files = (
			);
			runOnlyForDeploymentPostprocessing = 0;
		};
		CC28B0282D5E6AD300FE3BF1 /* Frameworks */ = {
			isa = PBXFrameworksBuildPhase;
			buildActionMask = 2147483647;
			files = (
			);
			runOnlyForDeploymentPostprocessing = 0;
		};
/* End PBXFrameworksBuildPhase section */

/* Begin PBXGroup section */
		CC04EDD02D5B927A000947F5 = {
			isa = PBXGroup;
			children = (
				CC04EDDB2D5B927A000947F5 /* poq-task */,
				CC04EDF22D5B927B000947F5 /* poq-taskTests */,
				CC28B02C2D5E6AD300FE3BF1 /* poq-task-UITests */,
				CC04EDDA2D5B927A000947F5 /* Products */,
			);
			sourceTree = "<group>";
		};
		CC04EDDA2D5B927A000947F5 /* Products */ = {
			isa = PBXGroup;
			children = (
				CC04EDD92D5B927A000947F5 /* poq-task.app */,
				CC04EDEF2D5B927B000947F5 /* poq-taskTests.xctest */,
				CC28B02B2D5E6AD300FE3BF1 /* poq-task-UITests.xctest */,
			);
			name = Products;
			sourceTree = "<group>";
		};
/* End PBXGroup section */

/* Begin PBXNativeTarget section */
		CC04EDD82D5B927A000947F5 /* poq-task */ = {
			isa = PBXNativeTarget;
			buildConfigurationList = CC04EE022D5B927B000947F5 /* Build configuration list for PBXNativeTarget "poq-task" */;
			buildPhases = (
				CC04EDD52D5B927A000947F5 /* Sources */,
				CC04EDD62D5B927A000947F5 /* Frameworks */,
				CC04EDD72D5B927A000947F5 /* Resources */,
			);
			buildRules = (
			);
			dependencies = (
				CCFB6F9A2D5C99BE00801EF3 /* PBXTargetDependency */,
			);
			fileSystemSynchronizedGroups = (
				CC04EDDB2D5B927A000947F5 /* poq-task */,
			);
			name = "poq-task";
			packageProductDependencies = (
				CCFB6FA02D5C9A0500801EF3 /* SnapKit */,
				CC28B00F2D5E58FD00FE3BF1 /* Kingfisher */,
			);
			productName = "poq-task";
			productReference = CC04EDD92D5B927A000947F5 /* poq-task.app */;
			productType = "com.apple.product-type.application";
		};
		CC04EDEE2D5B927B000947F5 /* poq-taskTests */ = {
			isa = PBXNativeTarget;
			buildConfigurationList = CC04EE072D5B927B000947F5 /* Build configuration list for PBXNativeTarget "poq-taskTests" */;
			buildPhases = (
				CC04EDEB2D5B927B000947F5 /* Sources */,
				CC04EDEC2D5B927B000947F5 /* Frameworks */,
				CC04EDED2D5B927B000947F5 /* Resources */,
			);
			buildRules = (
			);
			dependencies = (
				CC04EDF12D5B927B000947F5 /* PBXTargetDependency */,
			);
			fileSystemSynchronizedGroups = (
				CC04EDF22D5B927B000947F5 /* poq-taskTests */,
			);
			name = "poq-taskTests";
			packageProductDependencies = (
			);
			productName = "poq-taskTests";
			productReference = CC04EDEF2D5B927B000947F5 /* poq-taskTests.xctest */;
			productType = "com.apple.product-type.bundle.unit-test";
		};
		CC28B02A2D5E6AD300FE3BF1 /* poq-task-UITests */ = {
			isa = PBXNativeTarget;
			buildConfigurationList = CC28B0332D5E6AD300FE3BF1 /* Build configuration list for PBXNativeTarget "poq-task-UITests" */;
			buildPhases = (
				CC28B0272D5E6AD300FE3BF1 /* Sources */,
				CC28B0282D5E6AD300FE3BF1 /* Frameworks */,
				CC28B0292D5E6AD300FE3BF1 /* Resources */,
			);
			buildRules = (
			);
			dependencies = (
				CC28B0322D5E6AD300FE3BF1 /* PBXTargetDependency */,
			);
			fileSystemSynchronizedGroups = (
				CC28B02C2D5E6AD300FE3BF1 /* poq-task-UITests */,
			);
			name = "poq-task-UITests";
			packageProductDependencies = (
			);
			productName = "poq-task-UITests";
			productReference = CC28B02B2D5E6AD300FE3BF1 /* poq-task-UITests.xctest */;
			productType = "com.apple.product-type.bundle.ui-testing";
		};
/* End PBXNativeTarget section */

/* Begin PBXProject section */
		CC04EDD12D5B927A000947F5 /* Project object */ = {
			isa = PBXProject;
			attributes = {
				BuildIndependentTargetsInParallel = 1;
				LastSwiftUpdateCheck = 1620;
				LastUpgradeCheck = 1620;
				TargetAttributes = {
					CC04EDD82D5B927A000947F5 = {
						CreatedOnToolsVersion = 16.2;
					};
					CC04EDEE2D5B927B000947F5 = {
						CreatedOnToolsVersion = 16.2;
						LastSwiftMigration = 1620;
						TestTargetID = CC04EDD82D5B927A000947F5;
					};
					CC28B02A2D5E6AD300FE3BF1 = {
						CreatedOnToolsVersion = 16.2;
						TestTargetID = CC04EDD82D5B927A000947F5;
					};
				};
			};
			buildConfigurationList = CC04EDD42D5B927A000947F5 /* Build configuration list for PBXProject "poq-task" */;
			developmentRegion = en;
			hasScannedForEncodings = 0;
			knownRegions = (
				en,
				Base,
			);
			mainGroup = CC04EDD02D5B927A000947F5;
			minimizedProjectReferenceProxies = 1;
			packageReferences = (
				CCFB6F972D5C997B00801EF3 /* XCRemoteSwiftPackageReference "SnapKit" */,
				CCFB6F982D5C99A700801EF3 /* XCRemoteSwiftPackageReference "xcstrings-tool-plugin" */,
				CC28B00E2D5E58FD00FE3BF1 /* XCRemoteSwiftPackageReference "Kingfisher" */,
			);
			preferredProjectObjectVersion = 77;
			productRefGroup = CC04EDDA2D5B927A000947F5 /* Products */;
			projectDirPath = "";
			projectRoot = "";
			targets = (
				CC04EDD82D5B927A000947F5 /* poq-task */,
				CC04EDEE2D5B927B000947F5 /* poq-taskTests */,
				CC28B02A2D5E6AD300FE3BF1 /* poq-task-UITests */,
			);
		};
/* End PBXProject section */

/* Begin PBXResourcesBuildPhase section */
		CC04EDD72D5B927A000947F5 /* Resources */ = {
			isa = PBXResourcesBuildPhase;
			buildActionMask = 2147483647;
			files = (
			);
			runOnlyForDeploymentPostprocessing = 0;
		};
		CC04EDED2D5B927B000947F5 /* Resources */ = {
			isa = PBXResourcesBuildPhase;
			buildActionMask = 2147483647;
			files = (
			);
			runOnlyForDeploymentPostprocessing = 0;
		};
		CC28B0292D5E6AD300FE3BF1 /* Resources */ = {
			isa = PBXResourcesBuildPhase;
			buildActionMask = 2147483647;
			files = (
			);
			runOnlyForDeploymentPostprocessing = 0;
		};
/* End PBXResourcesBuildPhase section */

/* Begin PBXSourcesBuildPhase section */
		CC04EDD52D5B927A000947F5 /* Sources */ = {
			isa = PBXSourcesBuildPhase;
			buildActionMask = 2147483647;
			files = (
			);
			runOnlyForDeploymentPostprocessing = 0;
		};
		CC04EDEB2D5B927B000947F5 /* Sources */ = {
			isa = PBXSourcesBuildPhase;
			buildActionMask = 2147483647;
			files = (
			);
			runOnlyForDeploymentPostprocessing = 0;
		};
		CC28B0272D5E6AD300FE3BF1 /* Sources */ = {
			isa = PBXSourcesBuildPhase;
			buildActionMask = 2147483647;
			files = (
			);
			runOnlyForDeploymentPostprocessing = 0;
		};
/* End PBXSourcesBuildPhase section */

/* Begin PBXTargetDependency section */
		CC04EDF12D5B927B000947F5 /* PBXTargetDependency */ = {
			isa = PBXTargetDependency;
			target = CC04EDD82D5B927A000947F5 /* poq-task */;
			targetProxy = CC04EDF02D5B927B000947F5 /* PBXContainerItemProxy */;
		};
		CC28B0322D5E6AD300FE3BF1 /* PBXTargetDependency */ = {
			isa = PBXTargetDependency;
			target = CC04EDD82D5B927A000947F5 /* poq-task */;
			targetProxy = CC28B0312D5E6AD300FE3BF1 /* PBXContainerItemProxy */;
		};
		CCFB6F9A2D5C99BE00801EF3 /* PBXTargetDependency */ = {
			isa = PBXTargetDependency;
			productRef = CCFB6F992D5C99BE00801EF3 /* XCStringsToolPlugin */;
		};
/* End PBXTargetDependency section */

/* Begin XCBuildConfiguration section */
		CC04EE032D5B927B000947F5 /* Debug */ = {
			isa = XCBuildConfiguration;
			buildSettings = {
				ASSETCATALOG_COMPILER_APPICON_NAME = AppIcon;
				ASSETCATALOG_COMPILER_GLOBAL_ACCENT_COLOR_NAME = AccentColor;
				CODE_SIGN_STYLE = Automatic;
				CURRENT_PROJECT_VERSION = 1;
				DEVELOPMENT_TEAM = MKBJJ592GQ;
				GENERATE_INFOPLIST_FILE = YES;
				INFOPLIST_FILE = "poq-task/App/Info.plist";
				INFOPLIST_KEY_UIApplicationSupportsIndirectInputEvents = YES;
				INFOPLIST_KEY_UILaunchStoryboardName = LaunchScreen;
				INFOPLIST_KEY_UISupportedInterfaceOrientations = "UIInterfaceOrientationLandscapeLeft UIInterfaceOrientationLandscapeRight UIInterfaceOrientationPortrait UIInterfaceOrientationPortraitUpsideDown";
				IPHONEOS_DEPLOYMENT_TARGET = 17.0;
				LD_RUNPATH_SEARCH_PATHS = (
					"$(inherited)",
					"@executable_path/Frameworks",
				);
				MARKETING_VERSION = 1.0;
				PRODUCT_BUNDLE_IDENTIFIER = "net.hercig.poq-task";
				PRODUCT_NAME = "$(TARGET_NAME)";
				SUPPORTED_PLATFORMS = "iphoneos iphonesimulator";
				SUPPORTS_MACCATALYST = NO;
				SUPPORTS_MAC_DESIGNED_FOR_IPHONE_IPAD = NO;
				SUPPORTS_XR_DESIGNED_FOR_IPHONE_IPAD = NO;
				SWIFT_EMIT_LOC_STRINGS = YES;
				SWIFT_STRICT_CONCURRENCY = targeted;
				SWIFT_VERSION = 5.0;
				TARGETED_DEVICE_FAMILY = 1;
			};
			name = Debug;
		};
		CC04EE042D5B927B000947F5 /* Release */ = {
			isa = XCBuildConfiguration;
			buildSettings = {
				ASSETCATALOG_COMPILER_APPICON_NAME = AppIcon;
				ASSETCATALOG_COMPILER_GLOBAL_ACCENT_COLOR_NAME = AccentColor;
				CODE_SIGN_STYLE = Automatic;
				CURRENT_PROJECT_VERSION = 1;
				DEVELOPMENT_TEAM = MKBJJ592GQ;
				GENERATE_INFOPLIST_FILE = YES;
				INFOPLIST_FILE = "poq-task/App/Info.plist";
				INFOPLIST_KEY_UIApplicationSupportsIndirectInputEvents = YES;
				INFOPLIST_KEY_UILaunchStoryboardName = LaunchScreen;
				INFOPLIST_KEY_UISupportedInterfaceOrientations = "UIInterfaceOrientationLandscapeLeft UIInterfaceOrientationLandscapeRight UIInterfaceOrientationPortrait UIInterfaceOrientationPortraitUpsideDown";
				IPHONEOS_DEPLOYMENT_TARGET = 17.0;
				LD_RUNPATH_SEARCH_PATHS = (
					"$(inherited)",
					"@executable_path/Frameworks",
				);
				MARKETING_VERSION = 1.0;
				PRODUCT_BUNDLE_IDENTIFIER = "net.hercig.poq-task";
				PRODUCT_NAME = "$(TARGET_NAME)";
				SUPPORTED_PLATFORMS = "iphoneos iphonesimulator";
				SUPPORTS_MACCATALYST = NO;
				SUPPORTS_MAC_DESIGNED_FOR_IPHONE_IPAD = NO;
				SUPPORTS_XR_DESIGNED_FOR_IPHONE_IPAD = NO;
				SWIFT_EMIT_LOC_STRINGS = YES;
				SWIFT_STRICT_CONCURRENCY = targeted;
				SWIFT_VERSION = 5.0;
				TARGETED_DEVICE_FAMILY = 1;
			};
			name = Release;
		};
		CC04EE052D5B927B000947F5 /* Debug */ = {
			isa = XCBuildConfiguration;
			buildSettings = {
				ALWAYS_SEARCH_USER_PATHS = NO;
				ASSETCATALOG_COMPILER_GENERATE_SWIFT_ASSET_SYMBOL_EXTENSIONS = YES;
				CLANG_ANALYZER_NONNULL = YES;
				CLANG_ANALYZER_NUMBER_OBJECT_CONVERSION = YES_AGGRESSIVE;
				CLANG_CXX_LANGUAGE_STANDARD = "gnu++20";
				CLANG_ENABLE_MODULES = YES;
				CLANG_ENABLE_OBJC_ARC = YES;
				CLANG_ENABLE_OBJC_WEAK = YES;
				CLANG_WARN_BLOCK_CAPTURE_AUTORELEASING = YES;
				CLANG_WARN_BOOL_CONVERSION = YES;
				CLANG_WARN_COMMA = YES;
				CLANG_WARN_CONSTANT_CONVERSION = YES;
				CLANG_WARN_DEPRECATED_OBJC_IMPLEMENTATIONS = YES;
				CLANG_WARN_DIRECT_OBJC_ISA_USAGE = YES_ERROR;
				CLANG_WARN_DOCUMENTATION_COMMENTS = YES;
				CLANG_WARN_EMPTY_BODY = YES;
				CLANG_WARN_ENUM_CONVERSION = YES;
				CLANG_WARN_INFINITE_RECURSION = YES;
				CLANG_WARN_INT_CONVERSION = YES;
				CLANG_WARN_NON_LITERAL_NULL_CONVERSION = YES;
				CLANG_WARN_OBJC_IMPLICIT_RETAIN_SELF = YES;
				CLANG_WARN_OBJC_LITERAL_CONVERSION = YES;
				CLANG_WARN_OBJC_ROOT_CLASS = YES_ERROR;
				CLANG_WARN_QUOTED_INCLUDE_IN_FRAMEWORK_HEADER = YES;
				CLANG_WARN_RANGE_LOOP_ANALYSIS = YES;
				CLANG_WARN_STRICT_PROTOTYPES = YES;
				CLANG_WARN_SUSPICIOUS_MOVE = YES;
				CLANG_WARN_UNGUARDED_AVAILABILITY = YES_AGGRESSIVE;
				CLANG_WARN_UNREACHABLE_CODE = YES;
				CLANG_WARN__DUPLICATE_METHOD_MATCH = YES;
				COPY_PHASE_STRIP = NO;
				DEBUG_INFORMATION_FORMAT = dwarf;
				ENABLE_STRICT_OBJC_MSGSEND = YES;
				ENABLE_TESTABILITY = YES;
				ENABLE_USER_SCRIPT_SANDBOXING = YES;
				GCC_C_LANGUAGE_STANDARD = gnu17;
				GCC_DYNAMIC_NO_PIC = NO;
				GCC_NO_COMMON_BLOCKS = YES;
				GCC_OPTIMIZATION_LEVEL = 0;
				GCC_PREPROCESSOR_DEFINITIONS = (
					"DEBUG=1",
					"$(inherited)",
				);
				GCC_WARN_64_TO_32_BIT_CONVERSION = YES;
				GCC_WARN_ABOUT_RETURN_TYPE = YES_ERROR;
				GCC_WARN_UNDECLARED_SELECTOR = YES;
				GCC_WARN_UNINITIALIZED_AUTOS = YES_AGGRESSIVE;
				GCC_WARN_UNUSED_FUNCTION = YES;
				GCC_WARN_UNUSED_VARIABLE = YES;
				IPHONEOS_DEPLOYMENT_TARGET = 18.2;
				LOCALIZATION_PREFERS_STRING_CATALOGS = YES;
				MTL_ENABLE_DEBUG_INFO = INCLUDE_SOURCE;
				MTL_FAST_MATH = YES;
				ONLY_ACTIVE_ARCH = YES;
				SDKROOT = iphoneos;
				SWIFT_ACTIVE_COMPILATION_CONDITIONS = "DEBUG $(inherited)";
				SWIFT_EMIT_LOC_STRINGS = YES;
				SWIFT_OPTIMIZATION_LEVEL = "-Onone";
			};
			name = Debug;
		};
		CC04EE062D5B927B000947F5 /* Release */ = {
			isa = XCBuildConfiguration;
			buildSettings = {
				ALWAYS_SEARCH_USER_PATHS = NO;
				ASSETCATALOG_COMPILER_GENERATE_SWIFT_ASSET_SYMBOL_EXTENSIONS = YES;
				CLANG_ANALYZER_NONNULL = YES;
				CLANG_ANALYZER_NUMBER_OBJECT_CONVERSION = YES_AGGRESSIVE;
				CLANG_CXX_LANGUAGE_STANDARD = "gnu++20";
				CLANG_ENABLE_MODULES = YES;
				CLANG_ENABLE_OBJC_ARC = YES;
				CLANG_ENABLE_OBJC_WEAK = YES;
				CLANG_WARN_BLOCK_CAPTURE_AUTORELEASING = YES;
				CLANG_WARN_BOOL_CONVERSION = YES;
				CLANG_WARN_COMMA = YES;
				CLANG_WARN_CONSTANT_CONVERSION = YES;
				CLANG_WARN_DEPRECATED_OBJC_IMPLEMENTATIONS = YES;
				CLANG_WARN_DIRECT_OBJC_ISA_USAGE = YES_ERROR;
				CLANG_WARN_DOCUMENTATION_COMMENTS = YES;
				CLANG_WARN_EMPTY_BODY = YES;
				CLANG_WARN_ENUM_CONVERSION = YES;
				CLANG_WARN_INFINITE_RECURSION = YES;
				CLANG_WARN_INT_CONVERSION = YES;
				CLANG_WARN_NON_LITERAL_NULL_CONVERSION = YES;
				CLANG_WARN_OBJC_IMPLICIT_RETAIN_SELF = YES;
				CLANG_WARN_OBJC_LITERAL_CONVERSION = YES;
				CLANG_WARN_OBJC_ROOT_CLASS = YES_ERROR;
				CLANG_WARN_QUOTED_INCLUDE_IN_FRAMEWORK_HEADER = YES;
				CLANG_WARN_RANGE_LOOP_ANALYSIS = YES;
				CLANG_WARN_STRICT_PROTOTYPES = YES;
				CLANG_WARN_SUSPICIOUS_MOVE = YES;
				CLANG_WARN_UNGUARDED_AVAILABILITY = YES_AGGRESSIVE;
				CLANG_WARN_UNREACHABLE_CODE = YES;
				CLANG_WARN__DUPLICATE_METHOD_MATCH = YES;
				COPY_PHASE_STRIP = NO;
				DEBUG_INFORMATION_FORMAT = "dwarf-with-dsym";
				ENABLE_NS_ASSERTIONS = NO;
				ENABLE_STRICT_OBJC_MSGSEND = YES;
				ENABLE_USER_SCRIPT_SANDBOXING = YES;
				GCC_C_LANGUAGE_STANDARD = gnu17;
				GCC_NO_COMMON_BLOCKS = YES;
				GCC_WARN_64_TO_32_BIT_CONVERSION = YES;
				GCC_WARN_ABOUT_RETURN_TYPE = YES_ERROR;
				GCC_WARN_UNDECLARED_SELECTOR = YES;
				GCC_WARN_UNINITIALIZED_AUTOS = YES_AGGRESSIVE;
				GCC_WARN_UNUSED_FUNCTION = YES;
				GCC_WARN_UNUSED_VARIABLE = YES;
				IPHONEOS_DEPLOYMENT_TARGET = 18.2;
				LOCALIZATION_PREFERS_STRING_CATALOGS = YES;
				MTL_ENABLE_DEBUG_INFO = NO;
				MTL_FAST_MATH = YES;
				SDKROOT = iphoneos;
				SWIFT_COMPILATION_MODE = wholemodule;
				SWIFT_EMIT_LOC_STRINGS = YES;
				VALIDATE_PRODUCT = YES;
			};
			name = Release;
		};
		CC04EE082D5B927B000947F5 /* Debug */ = {
			isa = XCBuildConfiguration;
			buildSettings = {
				BUNDLE_LOADER = "$(TEST_HOST)";
				CLANG_ENABLE_MODULES = YES;
				CODE_SIGN_STYLE = Automatic;
				CURRENT_PROJECT_VERSION = 1;
				DEVELOPMENT_TEAM = MKBJJ592GQ;
				GENERATE_INFOPLIST_FILE = YES;
				IPHONEOS_DEPLOYMENT_TARGET = 17.0;
				MARKETING_VERSION = 1.0;
				PRODUCT_BUNDLE_IDENTIFIER = "net.hercig.poq-taskTests";
				PRODUCT_NAME = "$(TARGET_NAME)";
				SUPPORTED_PLATFORMS = "iphoneos iphonesimulator";
				SUPPORTS_MACCATALYST = NO;
				SUPPORTS_MAC_DESIGNED_FOR_IPHONE_IPAD = NO;
				SUPPORTS_XR_DESIGNED_FOR_IPHONE_IPAD = NO;
				SWIFT_EMIT_LOC_STRINGS = NO;
				SWIFT_OPTIMIZATION_LEVEL = "-Onone";
				SWIFT_VERSION = 5.0;
				TARGETED_DEVICE_FAMILY = 1;
				TEST_HOST = "$(BUILT_PRODUCTS_DIR)/poq-task.app/$(BUNDLE_EXECUTABLE_FOLDER_PATH)/poq-task";
			};
			name = Debug;
		};
		CC04EE092D5B927B000947F5 /* Release */ = {
			isa = XCBuildConfiguration;
			buildSettings = {
				BUNDLE_LOADER = "$(TEST_HOST)";
				CLANG_ENABLE_MODULES = YES;
				CODE_SIGN_STYLE = Automatic;
				CURRENT_PROJECT_VERSION = 1;
				DEVELOPMENT_TEAM = MKBJJ592GQ;
				GENERATE_INFOPLIST_FILE = YES;
				IPHONEOS_DEPLOYMENT_TARGET = 17.0;
				MARKETING_VERSION = 1.0;
				PRODUCT_BUNDLE_IDENTIFIER = "net.hercig.poq-taskTests";
				PRODUCT_NAME = "$(TARGET_NAME)";
				SUPPORTED_PLATFORMS = "iphoneos iphonesimulator";
				SUPPORTS_MACCATALYST = NO;
				SUPPORTS_MAC_DESIGNED_FOR_IPHONE_IPAD = NO;
				SUPPORTS_XR_DESIGNED_FOR_IPHONE_IPAD = NO;
				SWIFT_EMIT_LOC_STRINGS = NO;
				SWIFT_VERSION = 5.0;
				TARGETED_DEVICE_FAMILY = 1;
				TEST_HOST = "$(BUILT_PRODUCTS_DIR)/poq-task.app/$(BUNDLE_EXECUTABLE_FOLDER_PATH)/poq-task";
			};
			name = Release;
		};
		CC28B0342D5E6AD300FE3BF1 /* Debug */ = {
			isa = XCBuildConfiguration;
			buildSettings = {
				CODE_SIGN_STYLE = Automatic;
				CURRENT_PROJECT_VERSION = 1;
				DEVELOPMENT_TEAM = MKBJJ592GQ;
				GENERATE_INFOPLIST_FILE = YES;
				MARKETING_VERSION = 1.0;
				PRODUCT_BUNDLE_IDENTIFIER = "net.hercig.poq-task-UITests";
				PRODUCT_NAME = "$(TARGET_NAME)";
				SUPPORTED_PLATFORMS = "iphoneos iphonesimulator";
				SUPPORTS_MACCATALYST = NO;
				SUPPORTS_MAC_DESIGNED_FOR_IPHONE_IPAD = NO;
				SUPPORTS_XR_DESIGNED_FOR_IPHONE_IPAD = NO;
				SWIFT_EMIT_LOC_STRINGS = NO;
				SWIFT_VERSION = 5.0;
				TARGETED_DEVICE_FAMILY = 1;
				TEST_TARGET_NAME = "poq-task";
			};
			name = Debug;
		};
		CC28B0352D5E6AD300FE3BF1 /* Release */ = {
			isa = XCBuildConfiguration;
			buildSettings = {
				CODE_SIGN_STYLE = Automatic;
				CURRENT_PROJECT_VERSION = 1;
				DEVELOPMENT_TEAM = MKBJJ592GQ;
				GENERATE_INFOPLIST_FILE = YES;
				MARKETING_VERSION = 1.0;
				PRODUCT_BUNDLE_IDENTIFIER = "net.hercig.poq-task-UITests";
				PRODUCT_NAME = "$(TARGET_NAME)";
				SUPPORTED_PLATFORMS = "iphoneos iphonesimulator";
				SUPPORTS_MACCATALYST = NO;
				SUPPORTS_MAC_DESIGNED_FOR_IPHONE_IPAD = NO;
				SUPPORTS_XR_DESIGNED_FOR_IPHONE_IPAD = NO;
				SWIFT_EMIT_LOC_STRINGS = NO;
				SWIFT_VERSION = 5.0;
				TARGETED_DEVICE_FAMILY = 1;
				TEST_TARGET_NAME = "poq-task";
			};
			name = Release;
		};
/* End XCBuildConfiguration section */

/* Begin XCConfigurationList section */
		CC04EDD42D5B927A000947F5 /* Build configuration list for PBXProject "poq-task" */ = {
			isa = XCConfigurationList;
			buildConfigurations = (
				CC04EE052D5B927B000947F5 /* Debug */,
				CC04EE062D5B927B000947F5 /* Release */,
			);
			defaultConfigurationIsVisible = 0;
			defaultConfigurationName = Release;
		};
		CC04EE022D5B927B000947F5 /* Build configuration list for PBXNativeTarget "poq-task" */ = {
			isa = XCConfigurationList;
			buildConfigurations = (
				CC04EE032D5B927B000947F5 /* Debug */,
				CC04EE042D5B927B000947F5 /* Release */,
			);
			defaultConfigurationIsVisible = 0;
			defaultConfigurationName = Release;
		};
		CC04EE072D5B927B000947F5 /* Build configuration list for PBXNativeTarget "poq-taskTests" */ = {
			isa = XCConfigurationList;
			buildConfigurations = (
				CC04EE082D5B927B000947F5 /* Debug */,
				CC04EE092D5B927B000947F5 /* Release */,
			);
			defaultConfigurationIsVisible = 0;
			defaultConfigurationName = Release;
		};
		CC28B0332D5E6AD300FE3BF1 /* Build configuration list for PBXNativeTarget "poq-task-UITests" */ = {
			isa = XCConfigurationList;
			buildConfigurations = (
				CC28B0342D5E6AD300FE3BF1 /* Debug */,
				CC28B0352D5E6AD300FE3BF1 /* Release */,
			);
			defaultConfigurationIsVisible = 0;
			defaultConfigurationName = Release;
		};
/* End XCConfigurationList section */

/* Begin XCRemoteSwiftPackageReference section */
		CC28B00E2D5E58FD00FE3BF1 /* XCRemoteSwiftPackageReference "Kingfisher" */ = {
			isa = XCRemoteSwiftPackageReference;
			repositoryURL = "https://github.com/onevcat/Kingfisher";
			requirement = {
				kind = upToNextMajorVersion;
				minimumVersion = 8.2.0;
			};
		};
		CCFB6F972D5C997B00801EF3 /* XCRemoteSwiftPackageReference "SnapKit" */ = {
			isa = XCRemoteSwiftPackageReference;
			repositoryURL = "https://github.com/SnapKit/SnapKit.git";
			requirement = {
				kind = upToNextMajorVersion;
				minimumVersion = 5.7.1;
			};
		};
		CCFB6F982D5C99A700801EF3 /* XCRemoteSwiftPackageReference "xcstrings-tool-plugin" */ = {
			isa = XCRemoteSwiftPackageReference;
			repositoryURL = "https://github.com/liamnichols/xcstrings-tool-plugin.git";
			requirement = {
				kind = upToNextMajorVersion;
				minimumVersion = 1.0.0;
			};
		};
/* End XCRemoteSwiftPackageReference section */

/* Begin XCSwiftPackageProductDependency section */
		CC28B00F2D5E58FD00FE3BF1 /* Kingfisher */ = {
			isa = XCSwiftPackageProductDependency;
			package = CC28B00E2D5E58FD00FE3BF1 /* XCRemoteSwiftPackageReference "Kingfisher" */;
			productName = Kingfisher;
		};
		CCFB6F992D5C99BE00801EF3 /* XCStringsToolPlugin */ = {
			isa = XCSwiftPackageProductDependency;
			package = CCFB6F982D5C99A700801EF3 /* XCRemoteSwiftPackageReference "xcstrings-tool-plugin" */;
			productName = "plugin:XCStringsToolPlugin";
		};
		CCFB6FA02D5C9A0500801EF3 /* SnapKit */ = {
			isa = XCSwiftPackageProductDependency;
			package = CCFB6F972D5C997B00801EF3 /* XCRemoteSwiftPackageReference "SnapKit" */;
			productName = SnapKit;
		};
/* End XCSwiftPackageProductDependency section */
	};
	rootObject = CC04EDD12D5B927A000947F5 /* Project object */;
}
